PODS:
  - Alamofire (5.0.2)
  - Auth0 (1.22.1):
    - JWTDecode
    - SimpleKeychain
  - JWTDecode (2.4.1)
  - Lock (2.15.0):
    - Auth0 (~> 1.21)
    - Lock/Classic (= 2.15.0)
  - Lock/Classic (2.15.0):
    - Auth0 (~> 1.21)
  - SimpleKeychain (0.11.0)
  - ZappCore (0.8.7)
  - ZappPlugins (11.6.2):
    - ZappCore

DEPENDENCIES:
  - Alamofire
  - Lock (~> 2.15.0)
  - ZappPlugins

SPEC REPOS:
  "git@github.com:applicaster/CocoaPods.git":
    - ZappCore
    - ZappPlugins
  https://github.com/CocoaPods/Specs.git:
    - Alamofire
    - Auth0
    - JWTDecode
    - Lock
    - SimpleKeychain

SPEC CHECKSUMS:
  Alamofire: 3ba7a4db18b4f62c4a1c0e1cb39d7f3d52e10ada
  Auth0: c3dd0b6f9031e9cc38be2a6973f766f33ccbad83
  JWTDecode: 4bd4da0cdf0f8154fd467fa48499f34ec057fb88
  Lock: 9473cacc444f424e191b3d62411a41f7f64ba2ca
  SimpleKeychain: 2c135c65e64cd4e7df7ec418407be83ee07ba1c2
  ZappCore: 58ad2f6fd7117de8a727feae38ce11681cd350b3
  ZappPlugins: efef8f1822300247ff70ed185e419e1056c066f3

PODFILE CHECKSUM: 1a236e3f022b60e94db6642b6c70e6d759ba78c6

COCOAPODS: 1.9.0
