PODS:
  - Alamofire (4.9.1)
  - Auth0 (1.21.0):
    - JWTDecode
    - SimpleKeychain
  - JWTDecode (2.4.1)
  - Lock (2.15.0):
    - Auth0 (~> 1.21)
    - Lock/Classic (= 2.15.0)
  - Lock/Classic (2.15.0):
    - Auth0 (~> 1.21)
  - SimpleKeychain (0.10.0)
  - SwiftyStoreKit (0.15.0)
  - ZappCore (0.5.0)
  - ZappPlugins (11.3.1):
    - ZappCore

DEPENDENCIES:
  - Alamofire
  - Lock (~> 2.10)
  - SwiftyStoreKit (~> 0.15)
  - ZappPlugins

SPEC REPOS:
  "git@github.com:applicaster/CocoaPods.git":
    - ZappCore
    - ZappPlugins
  https://github.com/CocoaPods/Specs.git:
    - Alamofire
    - Auth0
    - JWTDecode
    - Lock
    - SimpleKeychain
    - SwiftyStoreKit

SPEC CHECKSUMS:
  Alamofire: 85e8a02c69d6020a0d734f6054870d7ecb75cf18
  Auth0: 745d4600ccce1f852b5b4edf3d4c00ecb0e7e79e
  JWTDecode: 4bd4da0cdf0f8154fd467fa48499f34ec057fb88
  Lock: 9473cacc444f424e191b3d62411a41f7f64ba2ca
  SimpleKeychain: a5ed8ebd0ab7e46a910353ffe0293cd6f017a160
  SwiftyStoreKit: 033d06b6f87955405d3f844a18a7687c2438592a
  ZappCore: f92ff80112b8dfac6ebba117b393df0665e93241
  ZappPlugins: 9cd05b7787db4788c04747409907056fe867213b

PODFILE CHECKSUM: eecf0e5126585ef5df3c9afa6480b29c6202f316

COCOAPODS: 1.9.0
